<Solution>
  <Project Path="NDSTK.csproj" />
  <Project Path="NDSTK.CookieScan.Core/NDSTK.CookieScan.Core.csproj" />
  <Project Path="NDSTK.CookieScanner/NDSTK.CookieScanner.csproj" />
  <Project Path="NDSTK.CookieScanner.Desktop/NDSTK.CookieScanner.Desktop.csproj" />
  <Project Path="NDSTK.Desktop.Tests/NDSTK.Desktop.Tests.csproj" />
  <Project Path="NDSTK.CookieScanner.Gui/NDSTK.CookieScanner.Gui.csproj" />
  <Project Path="NDSTK.Domain/NDSTK.Domain.csproj" />
  <Project Path="NDSTK.Tests/NDSTK.Tests.csproj" />
</Solution>
